
Microsoft Visual Studio Solution File, Format Version 12.00
# Visual Studio 15
VisualStudioVersion = 15.0.27428.2043
MinimumVisualStudioVersion = 10.0.40219.1
Project("{FAE04EC0-301F-11D3-BF4B-00C04F79EFBC}") = "Web", "Web\Web.csproj", "{B08B4DC9-96DE-4215-9228-CD33EBD1D135}"
EndProject
Project("{FAE04EC0-301F-11D3-BF4B-00C04F79EFBC}") = "Model", "Model\Model.csproj", "{0A5C2A83-C300-454F-992B-3F093F27FB86}"
EndProject
Project("{FAE04EC0-301F-11D3-BF4B-00C04F79EFBC}") = "DAL", "DAL\DAL.csproj", "{BB4F4381-39E4-456A-B969-7A866DE2CE41}"
EndProject
Project("{FAE04EC0-301F-11D3-BF4B-00C04F79EFBC}") = "IDAL", "IDAL\IDAL.csproj", "{B8F58562-7CE9-4FC1-B052-1B14F444E6E9}"
EndProject
Project("{FAE04EC0-301F-11D3-BF4B-00C04F79EFBC}") = "BLL", "BLL\BLL.csproj", "{D79B82C8-90BC-450F-B3F6-0D886D855028}"
EndProject
Global
	GlobalSection(SolutionConfigurationPlatforms) = preSolution
		Debug|Any CPU = Debug|Any CPU
		Release|Any CPU = Release|Any CPU
	EndGlobalSection
	GlobalSection(ProjectConfigurationPlatforms) = postSolution
		{B08B4DC9-96DE-4215-9228-CD33EBD1D135}.Debug|Any CPU.ActiveCfg = Debug|Any CPU
		{B08B4DC9-96DE-4215-9228-CD33EBD1D135}.Debug|Any CPU.Build.0 = Debug|Any CPU
		{B08B4DC9-96DE-4215-9228-CD33EBD1D135}.Release|Any CPU.ActiveCfg = Release|Any CPU
		{B08B4DC9-96DE-4215-9228-CD33EBD1D135}.Release|Any CPU.Build.0 = Release|Any CPU
		{0A5C2A83-C300-454F-992B-3F093F27FB86}.Debug|Any CPU.ActiveCfg = Debug|Any CPU
		{0A5C2A83-C300-454F-992B-3F093F27FB86}.Debug|Any CPU.Build.0 = Debug|Any CPU
		{0A5C2A83-C300-454F-992B-3F093F27FB86}.Release|Any CPU.ActiveCfg = Release|Any CPU
		{0A5C2A83-C300-454F-992B-3F093F27FB86}.Release|Any CPU.Build.0 = Release|Any CPU
		{BB4F4381-39E4-456A-B969-7A866DE2CE41}.Debug|Any CPU.ActiveCfg = Debug|Any CPU
		{BB4F4381-39E4-456A-B969-7A866DE2CE41}.Debug|Any CPU.Build.0 = Debug|Any CPU
		{BB4F4381-39E4-456A-B969-7A866DE2CE41}.Release|Any CPU.ActiveCfg = Release|Any CPU
		{BB4F4381-39E4-456A-B969-7A866DE2CE41}.Release|Any CPU.Build.0 = Release|Any CPU
		{B8F58562-7CE9-4FC1-B052-1B14F444E6E9}.Debug|Any CPU.ActiveCfg = Debug|Any CPU
		{B8F58562-7CE9-4FC1-B052-1B14F444E6E9}.Debug|Any CPU.Build.0 = Debug|Any CPU
		{B8F58562-7CE9-4FC1-B052-1B14F444E6E9}.Release|Any CPU.ActiveCfg = Release|Any CPU
		{B8F58562-7CE9-4FC1-B052-1B14F444E6E9}.Release|Any CPU.Build.0 = Release|Any CPU
		{D79B82C8-90BC-450F-B3F6-0D886D855028}.Debug|Any CPU.ActiveCfg = Debug|Any CPU
		{D79B82C8-90BC-450F-B3F6-0D886D855028}.Debug|Any CPU.Build.0 = Debug|Any CPU
		{D79B82C8-90BC-450F-B3F6-0D886D855028}.Release|Any CPU.ActiveCfg = Release|Any CPU
		{D79B82C8-90BC-450F-B3F6-0D886D855028}.Release|Any CPU.Build.0 = Release|Any CPU
	EndGlobalSection
	GlobalSection(SolutionProperties) = preSolution
		HideSolutionNode = FALSE
	EndGlobalSection
	GlobalSection(ExtensibilityGlobals) = postSolution
		SolutionGuid = {AA046365-FE74-4AF1-AE6D-844229C640AF}
	EndGlobalSection
EndGlobal
